// !$*UTF8*$!
{
	archiveVersion = 1;
	classes = {
	};
	objectVersion = 46;
	objects = {

/* Begin PBXBuildFile section */
		93792DFA1E31613A005EA341 /* ProfileImage.swift in Sources */ = {isa = PBXBuildFile; fileRef = 93792DF91E31613A005EA341 /* ProfileImage.swift */; };
		93A3BD771E2FCF0A00934A30 /* AppDelegate.swift in Sources */ = {isa = PBXBuildFile; fileRef = 93A3BD761E2FCF0A00934A30 /* AppDelegate.swift */; };
		93A3BD7C1E2FCF0A00934A30 /* Main.storyboard in Resources */ = {isa = PBXBuildFile; fileRef = 93A3BD7A1E2FCF0A00934A30 /* Main.storyboard */; };
		93A3BD7E1E2FCF0A00934A30 /* Assets.xcassets in Resources */ = {isa = PBXBuildFile; fileRef = 93A3BD7D1E2FCF0A00934A30 /* Assets.xcassets */; };
		93A3BD811E2FCF0A00934A30 /* LaunchScreen.storyboard in Resources */ = {isa = PBXBuildFile; fileRef = 93A3BD7F1E2FCF0A00934A30 /* LaunchScreen.storyboard */; };
		93A3BD891E2FCF4300934A30 /* GoogleService-Info.plist in Resources */ = {isa = PBXBuildFile; fileRef = 93A3BD881E2FCF4300934A30 /* GoogleService-Info.plist */; };
		93A3BD911E30037900934A30 /* Constants.swift in Sources */ = {isa = PBXBuildFile; fileRef = 93A3BD901E30037900934A30 /* Constants.swift */; };
		93A3BD951E30064D00934A30 /* SignInVC.swift in Sources */ = {isa = PBXBuildFile; fileRef = 93A3BD941E30064D00934A30 /* SignInVC.swift */; };
		93A3BD971E3007E800934A30 /* RoundBtn.swift in Sources */ = {isa = PBXBuildFile; fileRef = 93A3BD961E3007E800934A30 /* RoundBtn.swift */; };
		93A3BD991E300E9500934A30 /* FancyView.swift in Sources */ = {isa = PBXBuildFile; fileRef = 93A3BD981E300E9500934A30 /* FancyView.swift */; };
		93A3BD9B1E3012CC00934A30 /* FancyField.swift in Sources */ = {isa = PBXBuildFile; fileRef = 93A3BD9A1E3012CC00934A30 /* FancyField.swift */; };
		93A3BDBF1E30163800934A30 /* FancyBtn.swift in Sources */ = {isa = PBXBuildFile; fileRef = 93A3BDBE1E30163800934A30 /* FancyBtn.swift */; };
		93A3BDC31E313CA500934A30 /* FeedVC.swift in Sources */ = {isa = PBXBuildFile; fileRef = 93A3BDC21E313CA500934A30 /* FeedVC.swift */; };
		93A3BDC71E314D5400934A30 /* CircleView.swift in Sources */ = {isa = PBXBuildFile; fileRef = 93A3BDC61E314D5400934A30 /* CircleView.swift */; };
		93A3BDC91E31575700934A30 /* FancyPostBtn.swift in Sources */ = {isa = PBXBuildFile; fileRef = 93A3BDC81E31575700934A30 /* FancyPostBtn.swift */; };
		A2D24AA834688B5E5BCFB50A /* Pods_SocialNetworkAppWithFirebase.framework in Frameworks */ = {isa = PBXBuildFile; fileRef = 500F2378B434BA68FE80E4FD /* Pods_SocialNetworkAppWithFirebase.framework */; };
/* End PBXBuildFile section */

/* Begin PBXFileReference section */
		0E446B410FAF0EDEE9D5E0D4 /* Pods-SocialNetworkAppWithFirebase.debug.xcconfig */ = {isa = PBXFileReference; includeInIndex = 1; lastKnownFileType = text.xcconfig; name = "Pods-SocialNetworkAppWithFirebase.debug.xcconfig"; path = "Pods/Target Support Files/Pods-SocialNetworkAppWithFirebase/Pods-SocialNetworkAppWithFirebase.debug.xcconfig"; sourceTree = "<group>"; };
		500F2378B434BA68FE80E4FD /* Pods_SocialNetworkAppWithFirebase.framework */ = {isa = PBXFileReference; explicitFileType = wrapper.framework; includeInIndex = 0; path = Pods_SocialNetworkAppWithFirebase.framework; sourceTree = BUILT_PRODUCTS_DIR; };
		93792DF91E31613A005EA341 /* ProfileImage.swift */ = {isa = PBXFileReference; fileEncoding = 4; lastKnownFileType = sourcecode.swift; path = ProfileImage.swift; sourceTree = "<group>"; };
		93A3BD731E2FCF0A00934A30 /* SocialNetworkAppWithFirebase.app */ = {isa = PBXFileReference; explicitFileType = wrapper.application; includeInIndex = 0; path = SocialNetworkAppWithFirebase.app; sourceTree = BUILT_PRODUCTS_DIR; };
		93A3BD761E2FCF0A00934A30 /* AppDelegate.swift */ = {isa = PBXFileReference; lastKnownFileType = sourcecode.swift; path = AppDelegate.swift; sourceTree = "<group>"; };
		93A3BD7B1E2FCF0A00934A30 /* Base */ = {isa = PBXFileReference; lastKnownFileType = file.storyboard; name = Base; path = Base.lproj/Main.storyboard; sourceTree = "<group>"; };
		93A3BD7D1E2FCF0A00934A30 /* Assets.xcassets */ = {isa = PBXFileReference; lastKnownFileType = folder.assetcatalog; path = Assets.xcassets; sourceTree = "<group>"; };
		93A3BD801E2FCF0A00934A30 /* Base */ = {isa = PBXFileReference; lastKnownFileType = file.storyboard; name = Base; path = Base.lproj/LaunchScreen.storyboard; sourceTree = "<group>"; };
		93A3BD821E2FCF0A00934A30 /* Info.plist */ = {isa = PBXFileReference; lastKnownFileType = text.plist.xml; path = Info.plist; sourceTree = "<group>"; };
		93A3BD881E2FCF4300934A30 /* GoogleService-Info.plist */ = {isa = PBXFileReference; fileEncoding = 4; lastKnownFileType = text.plist.xml; path = "GoogleService-Info.plist"; sourceTree = "<group>"; };
		93A3BD901E30037900934A30 /* Constants.swift */ = {isa = PBXFileReference; fileEncoding = 4; lastKnownFileType = sourcecode.swift; path = Constants.swift; sourceTree = "<group>"; };
		93A3BD941E30064D00934A30 /* SignInVC.swift */ = {isa = PBXFileReference; fileEncoding = 4; lastKnownFileType = sourcecode.swift; path = SignInVC.swift; sourceTree = "<group>"; };
		93A3BD961E3007E800934A30 /* RoundBtn.swift */ = {isa = PBXFileReference; fileEncoding = 4; lastKnownFileType = sourcecode.swift; path = RoundBtn.swift; sourceTree = "<group>"; };
		93A3BD981E300E9500934A30 /* FancyView.swift */ = {isa = PBXFileReference; fileEncoding = 4; lastKnownFileType = sourcecode.swift; path = FancyView.swift; sourceTree = "<group>"; };
		93A3BD9A1E3012CC00934A30 /* FancyField.swift */ = {isa = PBXFileReference; fileEncoding = 4; lastKnownFileType = sourcecode.swift; path = FancyField.swift; sourceTree = "<group>"; };
		93A3BDBE1E30163800934A30 /* FancyBtn.swift */ = {isa = PBXFileReference; fileEncoding = 4; lastKnownFileType = sourcecode.swift; path = FancyBtn.swift; sourceTree = "<group>"; };
		93A3BDC21E313CA500934A30 /* FeedVC.swift */ = {isa = PBXFileReference; fileEncoding = 4; lastKnownFileType = sourcecode.swift; path = FeedVC.swift; sourceTree = "<group>"; };
		93A3BDC61E314D5400934A30 /* CircleView.swift */ = {isa = PBXFileReference; fileEncoding = 4; lastKnownFileType = sourcecode.swift; path = CircleView.swift; sourceTree = "<group>"; };
		93A3BDC81E31575700934A30 /* FancyPostBtn.swift */ = {isa = PBXFileReference; fileEncoding = 4; lastKnownFileType = sourcecode.swift; path = FancyPostBtn.swift; sourceTree = "<group>"; };
		E8E1303F85F04719C6FFDEC3 /* Pods-SocialNetworkAppWithFirebase.release.xcconfig */ = {isa = PBXFileReference; includeInIndex = 1; lastKnownFileType = text.xcconfig; name = "Pods-SocialNetworkAppWithFirebase.release.xcconfig"; path = "Pods/Target Support Files/Pods-SocialNetworkAppWithFirebase/Pods-SocialNetworkAppWithFirebase.release.xcconfig"; sourceTree = "<group>"; };
/* End PBXFileReference section */

/* Begin PBXFrameworksBuildPhase section */
		93A3BD701E2FCF0A00934A30 /* Frameworks */ = {
			isa = PBXFrameworksBuildPhase;
			buildActionMask = 2147483647;
			files = (
				A2D24AA834688B5E5BCFB50A /* Pods_SocialNetworkAppWithFirebase.framework in Frameworks */,
			);
			runOnlyForDeploymentPostprocessing = 0;
		};
/* End PBXFrameworksBuildPhase section */

/* Begin PBXGroup section */
		7A72BE582502241165B7101D /* Pods */ = {
			isa = PBXGroup;
			children = (
				0E446B410FAF0EDEE9D5E0D4 /* Pods-SocialNetworkAppWithFirebase.debug.xcconfig */,
				E8E1303F85F04719C6FFDEC3 /* Pods-SocialNetworkAppWithFirebase.release.xcconfig */,
			);
			name = Pods;
			sourceTree = "<group>";
		};
		93A3BD6A1E2FCF0A00934A30 = {
			isa = PBXGroup;
			children = (
				93A3BD751E2FCF0A00934A30 /* SocialNetworkAppWithFirebase */,
				93A3BD741E2FCF0A00934A30 /* Products */,
				7A72BE582502241165B7101D /* Pods */,
				FE6395AB0718DA8F5BD80005 /* Frameworks */,
			);
			sourceTree = "<group>";
		};
		93A3BD741E2FCF0A00934A30 /* Products */ = {
			isa = PBXGroup;
			children = (
				93A3BD731E2FCF0A00934A30 /* SocialNetworkAppWithFirebase.app */,
			);
			name = Products;
			sourceTree = "<group>";
		};
		93A3BD751E2FCF0A00934A30 /* SocialNetworkAppWithFirebase */ = {
			isa = PBXGroup;
			children = (
				93A3BD8F1E30035500934A30 /* Util */,
				93A3BD8A1E2FD0E400934A30 /* Model */,
				93A3BD8C1E2FD0F300934A30 /* Controller */,
				93A3BD8B1E2FD0EA00934A30 /* View */,
				93A3BD761E2FCF0A00934A30 /* AppDelegate.swift */,
				93A3BD7A1E2FCF0A00934A30 /* Main.storyboard */,
				93A3BD7D1E2FCF0A00934A30 /* Assets.xcassets */,
				93A3BD7F1E2FCF0A00934A30 /* LaunchScreen.storyboard */,
				93A3BD881E2FCF4300934A30 /* GoogleService-Info.plist */,
				93A3BD821E2FCF0A00934A30 /* Info.plist */,
			);
			path = SocialNetworkAppWithFirebase;
			sourceTree = "<group>";
		};
		93A3BD8A1E2FD0E400934A30 /* Model */ = {
			isa = PBXGroup;
			children = (
			);
			name = Model;
			sourceTree = "<group>";
		};
		93A3BD8B1E2FD0EA00934A30 /* View */ = {
			isa = PBXGroup;
			children = (
				93A3BD961E3007E800934A30 /* RoundBtn.swift */,
				93A3BD981E300E9500934A30 /* FancyView.swift */,
				93A3BD9A1E3012CC00934A30 /* FancyField.swift */,
				93A3BDBE1E30163800934A30 /* FancyBtn.swift */,
				93A3BDC61E314D5400934A30 /* CircleView.swift */,
				93A3BDC81E31575700934A30 /* FancyPostBtn.swift */,
				93792DF91E31613A005EA341 /* ProfileImage.swift */,
			);
			name = View;
			sourceTree = "<group>";
		};
		93A3BD8C1E2FD0F300934A30 /* Controller */ = {
			isa = PBXGroup;
			children = (
				93A3BD941E30064D00934A30 /* SignInVC.swift */,
				93A3BDC21E313CA500934A30 /* FeedVC.swift */,
			);
			name = Controller;
			sourceTree = "<group>";
		};
		93A3BD8F1E30035500934A30 /* Util */ = {
			isa = PBXGroup;
			children = (
				93A3BD901E30037900934A30 /* Constants.swift */,
			);
			name = Util;
			sourceTree = "<group>";
		};
		FE6395AB0718DA8F5BD80005 /* Frameworks */ = {
			isa = PBXGroup;
			children = (
				500F2378B434BA68FE80E4FD /* Pods_SocialNetworkAppWithFirebase.framework */,
			);
			name = Frameworks;
			sourceTree = "<group>";
		};
/* End PBXGroup section */

/* Begin PBXNativeTarget section */
		93A3BD721E2FCF0A00934A30 /* SocialNetworkAppWithFirebase */ = {
			isa = PBXNativeTarget;
			buildConfigurationList = 93A3BD851E2FCF0A00934A30 /* Build configuration list for PBXNativeTarget "SocialNetworkAppWithFirebase" */;
			buildPhases = (
				0884A0BAEBDCD56C3A5B4E3B /* [CP] Check Pods Manifest.lock */,
				93A3BD6F1E2FCF0A00934A30 /* Sources */,
				93A3BD701E2FCF0A00934A30 /* Frameworks */,
				93A3BD711E2FCF0A00934A30 /* Resources */,
				CF870651445BCF7069387526 /* [CP] Embed Pods Frameworks */,
				3B9A084837A7056F594DBE99 /* [CP] Copy Pods Resources */,
			);
			buildRules = (
			);
			dependencies = (
			);
			name = SocialNetworkAppWithFirebase;
			productName = SocialNetworkAppWithFirebase;
			productReference = 93A3BD731E2FCF0A00934A30 /* SocialNetworkAppWithFirebase.app */;
			productType = "com.apple.product-type.application";
		};
/* End PBXNativeTarget section */

/* Begin PBXProject section */
		93A3BD6B1E2FCF0A00934A30 /* Project object */ = {
			isa = PBXProject;
			attributes = {
				LastSwiftUpdateCheck = 0820;
				LastUpgradeCheck = 0820;
				ORGANIZATIONNAME = YauheniIvaniuk;
				TargetAttributes = {
					93A3BD721E2FCF0A00934A30 = {
						CreatedOnToolsVersion = 8.2;
						DevelopmentTeam = P2GURVV2B3;
						ProvisioningStyle = Automatic;
					};
				};
			};
			buildConfigurationList = 93A3BD6E1E2FCF0A00934A30 /* Build configuration list for PBXProject "SocialNetworkAppWithFirebase" */;
			compatibilityVersion = "Xcode 3.2";
			developmentRegion = English;
			hasScannedForEncodings = 0;
			knownRegions = (
				en,
				Base,
			);
			mainGroup = 93A3BD6A1E2FCF0A00934A30;
			productRefGroup = 93A3BD741E2FCF0A00934A30 /* Products */;
			projectDirPath = "";
			projectRoot = "";
			targets = (
				93A3BD721E2FCF0A00934A30 /* SocialNetworkAppWithFirebase */,
			);
		};
/* End PBXProject section */

/* Begin PBXResourcesBuildPhase section */
		93A3BD711E2FCF0A00934A30 /* Resources */ = {
			isa = PBXResourcesBuildPhase;
			buildActionMask = 2147483647;
			files = (
				93A3BD811E2FCF0A00934A30 /* LaunchScreen.storyboard in Resources */,
				93A3BD891E2FCF4300934A30 /* GoogleService-Info.plist in Resources */,
				93A3BD7E1E2FCF0A00934A30 /* Assets.xcassets in Resources */,
				93A3BD7C1E2FCF0A00934A30 /* Main.storyboard in Resources */,
			);
			runOnlyForDeploymentPostprocessing = 0;
		};
/* End PBXResourcesBuildPhase section */

/* Begin PBXShellScriptBuildPhase section */
		0884A0BAEBDCD56C3A5B4E3B /* [CP] Check Pods Manifest.lock */ = {
			isa = PBXShellScriptBuildPhase;
			buildActionMask = 2147483647;
			files = (
			);
			inputPaths = (
			);
			name = "[CP] Check Pods Manifest.lock";
			outputPaths = (
			);
			runOnlyForDeploymentPostprocessing = 0;
			shellPath = /bin/sh;
			shellScript = "diff \"${PODS_ROOT}/../Podfile.lock\" \"${PODS_ROOT}/Manifest.lock\" > /dev/null\nif [ $? != 0 ] ; then\n    # print error to STDERR\n    echo \"error: The sandbox is not in sync with the Podfile.lock. Run 'pod install' or update your CocoaPods installation.\" >&2\n    exit 1\nfi\n";
			showEnvVarsInLog = 0;
		};
		3B9A084837A7056F594DBE99 /* [CP] Copy Pods Resources */ = {
			isa = PBXShellScriptBuildPhase;
			buildActionMask = 2147483647;
			files = (
			);
			inputPaths = (
			);
			name = "[CP] Copy Pods Resources";
			outputPaths = (
			);
			runOnlyForDeploymentPostprocessing = 0;
			shellPath = /bin/sh;
			shellScript = "\"${SRCROOT}/Pods/Target Support Files/Pods-SocialNetworkAppWithFirebase/Pods-SocialNetworkAppWithFirebase-resources.sh\"\n";
			showEnvVarsInLog = 0;
		};
		CF870651445BCF7069387526 /* [CP] Embed Pods Frameworks */ = {
			isa = PBXShellScriptBuildPhase;
			buildActionMask = 2147483647;
			files = (
			);
			inputPaths = (
			);
			name = "[CP] Embed Pods Frameworks";
			outputPaths = (
			);
			runOnlyForDeploymentPostprocessing = 0;
			shellPath = /bin/sh;
			shellScript = "\"${SRCROOT}/Pods/Target Support Files/Pods-SocialNetworkAppWithFirebase/Pods-SocialNetworkAppWithFirebase-frameworks.sh\"\n";
			showEnvVarsInLog = 0;
		};
/* End PBXShellScriptBuildPhase section */

/* Begin PBXSourcesBuildPhase section */
		93A3BD6F1E2FCF0A00934A30 /* Sources */ = {
			isa = PBXSourcesBuildPhase;
			buildActionMask = 2147483647;
			files = (
				93A3BDC71E314D5400934A30 /* CircleView.swift in Sources */,
				93A3BD9B1E3012CC00934A30 /* FancyField.swift in Sources */,
				93A3BDC91E31575700934A30 /* FancyPostBtn.swift in Sources */,
				93A3BD771E2FCF0A00934A30 /* AppDelegate.swift in Sources */,
				93A3BD991E300E9500934A30 /* FancyView.swift in Sources */,
				93A3BD971E3007E800934A30 /* RoundBtn.swift in Sources */,
				93A3BDC31E313CA500934A30 /* FeedVC.swift in Sources */,
				93A3BD951E30064D00934A30 /* SignInVC.swift in Sources */,
				93792DFA1E31613A005EA341 /* ProfileImage.swift in Sources */,
				93A3BD911E30037900934A30 /* Constants.swift in Sources */,
				93A3BDBF1E30163800934A30 /* FancyBtn.swift in Sources */,
			);
			runOnlyForDeploymentPostprocessing = 0;
		};
/* End PBXSourcesBuildPhase section */

/* Begin PBXVariantGroup section */
		93A3BD7A1E2FCF0A00934A30 /* Main.storyboard */ = {
			isa = PBXVariantGroup;
			children = (
				93A3BD7B1E2FCF0A00934A30 /* Base */,
			);
			name = Main.storyboard;
			sourceTree = "<group>";
		};
		93A3BD7F1E2FCF0A00934A30 /* LaunchScreen.storyboard */ = {
			isa = PBXVariantGroup;
			children = (
				93A3BD801E2FCF0A00934A30 /* Base */,
			);
			name = LaunchScreen.storyboard;
			sourceTree = "<group>";
		};
/* End PBXVariantGroup section */

/* Begin XCBuildConfiguration section */
		93A3BD831E2FCF0A00934A30 /* Debug */ = {
			isa = XCBuildConfiguration;
			buildSettings = {
				ALWAYS_SEARCH_USER_PATHS = NO;
				CLANG_ANALYZER_NONNULL = YES;
				CLANG_CXX_LANGUAGE_STANDARD = "gnu++0x";
				CLANG_CXX_LIBRARY = "libc++";
				CLANG_ENABLE_MODULES = YES;
				CLANG_ENABLE_OBJC_ARC = YES;
				CLANG_WARN_BOOL_CONVERSION = YES;
				CLANG_WARN_CONSTANT_CONVERSION = YES;
				CLANG_WARN_DIRECT_OBJC_ISA_USAGE = YES_ERROR;
				CLANG_WARN_DOCUMENTATION_COMMENTS = YES;
				CLANG_WARN_EMPTY_BODY = YES;
				CLANG_WARN_ENUM_CONVERSION = YES;
				CLANG_WARN_INFINITE_RECURSION = YES;
				CLANG_WARN_INT_CONVERSION = YES;
				CLANG_WARN_OBJC_ROOT_CLASS = YES_ERROR;
				CLANG_WARN_SUSPICIOUS_MOVE = YES;
				CLANG_WARN_UNREACHABLE_CODE = YES;
				CLANG_WARN__DUPLICATE_METHOD_MATCH = YES;
				"CODE_SIGN_IDENTITY[sdk=iphoneos*]" = "iPhone Developer";
				COPY_PHASE_STRIP = NO;
				DEBUG_INFORMATION_FORMAT = dwarf;
				ENABLE_STRICT_OBJC_MSGSEND = YES;
				ENABLE_TESTABILITY = YES;
				GCC_C_LANGUAGE_STANDARD = gnu99;
				GCC_DYNAMIC_NO_PIC = NO;
				GCC_NO_COMMON_BLOCKS = YES;
				GCC_OPTIMIZATION_LEVEL = 0;
				GCC_PREPROCESSOR_DEFINITIONS = (
					"DEBUG=1",
					"$(inherited)",
				);
				GCC_WARN_64_TO_32_BIT_CONVERSION = YES;
				GCC_WARN_ABOUT_RETURN_TYPE = YES_ERROR;
				GCC_WARN_UNDECLARED_SELECTOR = YES;
				GCC_WARN_UNINITIALIZED_AUTOS = YES_AGGRESSIVE;
				GCC_WARN_UNUSED_FUNCTION = YES;
				GCC_WARN_UNUSED_VARIABLE = YES;
				IPHONEOS_DEPLOYMENT_TARGET = 10.2;
				MTL_ENABLE_DEBUG_INFO = YES;
				ONLY_ACTIVE_ARCH = YES;
				SDKROOT = iphoneos;
				SWIFT_ACTIVE_COMPILATION_CONDITIONS = DEBUG;
				SWIFT_OPTIMIZATION_LEVEL = "-Onone";
				TARGETED_DEVICE_FAMILY = "1,2";
			};
			name = Debug;
		};
		93A3BD841E2FCF0A00934A30 /* Release */ = {
			isa = XCBuildConfiguration;
			buildSettings = {
				ALWAYS_SEARCH_USER_PATHS = NO;
				CLANG_ANALYZER_NONNULL = YES;
				CLANG_CXX_LANGUAGE_STANDARD = "gnu++0x";
				CLANG_CXX_LIBRARY = "libc++";
				CLANG_ENABLE_MODULES = YES;
				CLANG_ENABLE_OBJC_ARC = YES;
				CLANG_WARN_BOOL_CONVERSION = YES;
				CLANG_WARN_CONSTANT_CONVERSION = YES;
				CLANG_WARN_DIRECT_OBJC_ISA_USAGE = YES_ERROR;
				CLANG_WARN_DOCUMENTATION_COMMENTS = YES;
				CLANG_WARN_EMPTY_BODY = YES;
				CLANG_WARN_ENUM_CONVERSION = YES;
				CLANG_WARN_INFINITE_RECURSION = YES;
				CLANG_WARN_INT_CONVERSION = YES;
				CLANG_WARN_OBJC_ROOT_CLASS = YES_ERROR;
				CLANG_WARN_SUSPICIOUS_MOVE = YES;
				CLANG_WARN_UNREACHABLE_CODE = YES;
				CLANG_WARN__DUPLICATE_METHOD_MATCH = YES;
				"CODE_SIGN_IDENTITY[sdk=iphoneos*]" = "iPhone Developer";
				COPY_PHASE_STRIP = NO;
				DEBUG_INFORMATION_FORMAT = "dwarf-with-dsym";
				ENABLE_NS_ASSERTIONS = NO;
				ENABLE_STRICT_OBJC_MSGSEND = YES;
				GCC_C_LANGUAGE_STANDARD = gnu99;
				GCC_NO_COMMON_BLOCKS = YES;
				GCC_WARN_64_TO_32_BIT_CONVERSION = YES;
				GCC_WARN_ABOUT_RETURN_TYPE = YES_ERROR;
				GCC_WARN_UNDECLARED_SELECTOR = YES;
				GCC_WARN_UNINITIALIZED_AUTOS = YES_AGGRESSIVE;
				GCC_WARN_UNUSED_FUNCTION = YES;
				GCC_WARN_UNUSED_VARIABLE = YES;
				IPHONEOS_DEPLOYMENT_TARGET = 10.2;
				MTL_ENABLE_DEBUG_INFO = NO;
				SDKROOT = iphoneos;
				SWIFT_OPTIMIZATION_LEVEL = "-Owholemodule";
				TARGETED_DEVICE_FAMILY = "1,2";
				VALIDATE_PRODUCT = YES;
			};
			name = Release;
		};
		93A3BD861E2FCF0A00934A30 /* Debug */ = {
			isa = XCBuildConfiguration;
			baseConfigurationReference = 0E446B410FAF0EDEE9D5E0D4 /* Pods-SocialNetworkAppWithFirebase.debug.xcconfig */;
			buildSettings = {
				ASSETCATALOG_COMPILER_APPICON_NAME = AppIcon;
				DEVELOPMENT_TEAM = P2GURVV2B3;
				INFOPLIST_FILE = SocialNetworkAppWithFirebase/Info.plist;
				LD_RUNPATH_SEARCH_PATHS = "$(inherited) @executable_path/Frameworks";
				PRODUCT_BUNDLE_IDENTIFIER = com.YauheniIvaniuk.SocialNetworkAppWithFirebase;
				PRODUCT_NAME = "$(TARGET_NAME)";
				SWIFT_VERSION = 3.0;
			};
			name = Debug;
		};
		93A3BD871E2FCF0A00934A30 /* Release */ = {
			isa = XCBuildConfiguration;
			baseConfigurationReference = E8E1303F85F04719C6FFDEC3 /* Pods-SocialNetworkAppWithFirebase.release.xcconfig */;
			buildSettings = {
				ASSETCATALOG_COMPILER_APPICON_NAME = AppIcon;
				DEVELOPMENT_TEAM = P2GURVV2B3;
				INFOPLIST_FILE = SocialNetworkAppWithFirebase/Info.plist;
				LD_RUNPATH_SEARCH_PATHS = "$(inherited) @executable_path/Frameworks";
				PRODUCT_BUNDLE_IDENTIFIER = com.YauheniIvaniuk.SocialNetworkAppWithFirebase;
				PRODUCT_NAME = "$(TARGET_NAME)";
				SWIFT_VERSION = 3.0;
			};
			name = Release;
		};
/* End XCBuildConfiguration section */

/* Begin XCConfigurationList section */
		93A3BD6E1E2FCF0A00934A30 /* Build configuration list for PBXProject "SocialNetworkAppWithFirebase" */ = {
			isa = XCConfigurationList;
			buildConfigurations = (
				93A3BD831E2FCF0A00934A30 /* Debug */,
				93A3BD841E2FCF0A00934A30 /* Release */,
			);
			defaultConfigurationIsVisible = 0;
			defaultConfigurationName = Release;
		};
		93A3BD851E2FCF0A00934A30 /* Build configuration list for PBXNativeTarget "SocialNetworkAppWithFirebase" */ = {
			isa = XCConfigurationList;
			buildConfigurations = (
				93A3BD861E2FCF0A00934A30 /* Debug */,
				93A3BD871E2FCF0A00934A30 /* Release */,
			);
			defaultConfigurationIsVisible = 0;
			defaultConfigurationName = Release;
		};
/* End XCConfigurationList section */
	};
	rootObject = 93A3BD6B1E2FCF0A00934A30 /* Project object */;
}
